
Microsoft Visual Studio Solution File, Format Version 12.00
# Visual Studio Version 17
VisualStudioVersion = 17.10.34928.147
MinimumVisualStudioVersion = 10.0.40219.1
Project("{FAE04EC0-301F-11D3-BF4B-00C04F79EFBC}") = "Cad-BenefAPI", "Cad-BenefAPI\Cad-BenefAPI.csproj", "{7007028D-5485-4527-A6CF-FBE52E919192}"
EndProject
Global
	GlobalSection(SolutionConfigurationPlatforms) = preSolution
		Debug|Any CPU = Debug|Any CPU
		Release|Any CPU = Release|Any CPU
	EndGlobalSection
	GlobalSection(ProjectConfigurationPlatforms) = postSolution
		{7007028D-5485-4527-A6CF-FBE52E919192}.Debug|Any CPU.ActiveCfg = Debug|Any CPU
		{7007028D-5485-4527-A6CF-FBE52E919192}.Debug|Any CPU.Build.0 = Debug|Any CPU
		{7007028D-5485-4527-A6CF-FBE52E919192}.Release|Any CPU.ActiveCfg = Release|Any CPU
		{7007028D-5485-4527-A6CF-FBE52E919192}.Release|Any CPU.Build.0 = Release|Any CPU
	EndGlobalSection
	GlobalSection(SolutionProperties) = preSolution
		HideSolutionNode = FALSE
	EndGlobalSection
	GlobalSection(ExtensibilityGlobals) = postSolution
		SolutionGuid = {33C083A0-0FC9-49C7-BEE6-6E87C9DFCDE0}
	EndGlobalSection
EndGlobal
